<Solution>
  <Folder Name="/samples/">
    <Project Path="samples/BasicMapping/BasicMapping.csproj" />
    <Project Path="samples/CombinedMapping/CombinedMapping.csproj" />
  </Folder>
  <Folder Name="/src/">
    <Project Path="src/FlowMapper.Abstractions/FlowMapper.Abstractions.csproj" />
    <Project Path="src/FlowMapper.Analyzers/FlowMapper.Analyzers.csproj" />
    <Project Path="src/FlowMapper.Compiler/FlowMapper.Compiler.csproj" />
    <Project Path="src/FlowMapper.Core/FlowMapper.Core.csproj" />
    <Project Path="src/FlowMapper.DependencyInjection/FlowMapper.DependencyInjection.csproj" />
    <Project Path="src/FlowMapper.Diagnostics/FlowMapper.Diagnostics.csproj" />
    <Project Path="src/FlowMapper.Execution/FlowMapper.Execution.csproj" />
    <Project Path="src/FlowMapper.Mapping/FlowMapper.Mapping.csproj" />
    <Project Path="src/FlowMapper.Materializer/FlowMapper.Materializer.csproj" />
    <Project Path="src/FlowMapper.PluginSdk/FlowMapper.PluginSdk.csproj" />
    <Project Path="src/FlowMapper.BuildIntegration/FlowMapper.BuildIntegration.csproj" />
    <Project Path="src/FlowMapper.Primitives/FlowMapper.Primitives.csproj" />
    <Project Path="src/FlowMapper.Providers.Abstractions/FlowMapper.Providers.Abstractions.csproj" />
    <Project Path="src/FlowMapper.Providers.SqlServer/FlowMapper.Providers.SqlServer.csproj" />
    <Project Path="src/FlowMapper.Providers.PostgreSql/FlowMapper.Providers.PostgreSql.csproj" />
    <Project Path="src/FlowMapper.Providers.MySql/FlowMapper.Providers.MySql.csproj" />
    <Project Path="src/FlowMapper.Providers.Oracle/FlowMapper.Providers.Oracle.csproj" />
    <Project Path="src/FlowMapper.Runtime/FlowMapper.Runtime.csproj" />
    <Project Path="src/FlowMapper.SqlCompiler/FlowMapper.SqlCompiler.csproj" />
    <Project Path="src/FlowMapper.Validation/FlowMapper.Validation.csproj" />
    <Project Path="src/FlowMapper.SourceGenerator/FlowMapper.SourceGenerator.csproj" />
    <Project Path="src/FlowMapper/FlowMapper.csproj" />
  </Folder>
  <Folder Name="/tests/">
    <Project Path="tests/FlowMapper.Generator.Tests/FlowMapper.Generator.Tests.csproj" />
    <Project Path="tests/FlowMapper.UnitTests/FlowMapper.UnitTests.csproj" />
    <Project Path="tests/FlowMapper.IntegrationTests/FlowMapper.IntegrationTests.csproj" />
  </Folder>
</Solution>
